
Microsoft Visual Studio Solution File, Format Version 12.00
# Visual Studio Version 17
VisualStudioVersion = 17.4.33205.214
MinimumVisualStudioVersion = 10.0.40219.1
Project("{9A19103F-16F7-4668-BE54-9A1E7A4F7556}") = "Falsus", "Engine\Falsus\Falsus.csproj", "{2A3A1E4B-1124-48B3-9C9F-1D8D82AB90CF}"
EndProject
Project("{9A19103F-16F7-4668-BE54-9A1E7A4F7556}") = "Falsus.UnitTests", "Engine\Falsus.UnitTests\Falsus.UnitTests.csproj", "{FA9F9E45-237A-46BB-A65E-067BE3EC94DC}"
EndProject
Project("{2150E333-8FDC-42A3-9474-1A3956D46DE8}") = "Engine", "Engine", "{906B7F7E-8E03-4F9E-990A-CAB5C52517B8}"
EndProject
Project("{2150E333-8FDC-42A3-9474-1A3956D46DE8}") = "Providers", "Providers", "{9C6B5946-7774-4289-B48B-227FDB1A5974}"
EndProject
Project("{2150E333-8FDC-42A3-9474-1A3956D46DE8}") = "DataType", "DataType", "{BB31A8C7-623E-4B39-9777-0B50CE4A0FB2}"
EndProject
Project("{9A19103F-16F7-4668-BE54-9A1E7A4F7556}") = "Falsus.Providers.DataTypes", "Providers\DataTypes\Falsus.Providers.DataTypes\Falsus.Providers.DataTypes.csproj", "{5412CD30-5861-457F-8431-B997D51068ED}"
EndProject
Project("{FAE04EC0-301F-11D3-BF4B-00C04F79EFBC}") = "Falsus.Providers.DataTypes.UnitTests", "Providers\DataTypes\Falsus.Providers.DataTypes.UnitTests\Falsus.Providers.DataTypes.UnitTests.csproj", "{855A476C-CA63-4BFC-926B-9CB1BEAA5470}"
EndProject
Global
	GlobalSection(SolutionConfigurationPlatforms) = preSolution
		Debug|Any CPU = Debug|Any CPU
		Release|Any CPU = Release|Any CPU
	EndGlobalSection
	GlobalSection(ProjectConfigurationPlatforms) = postSolution
		{2A3A1E4B-1124-48B3-9C9F-1D8D82AB90CF}.Debug|Any CPU.ActiveCfg = Debug|Any CPU
		{2A3A1E4B-1124-48B3-9C9F-1D8D82AB90CF}.Debug|Any CPU.Build.0 = Debug|Any CPU
		{2A3A1E4B-1124-48B3-9C9F-1D8D82AB90CF}.Release|Any CPU.ActiveCfg = Release|Any CPU
		{2A3A1E4B-1124-48B3-9C9F-1D8D82AB90CF}.Release|Any CPU.Build.0 = Release|Any CPU
		{FA9F9E45-237A-46BB-A65E-067BE3EC94DC}.Debug|Any CPU.ActiveCfg = Debug|Any CPU
		{FA9F9E45-237A-46BB-A65E-067BE3EC94DC}.Debug|Any CPU.Build.0 = Debug|Any CPU
		{FA9F9E45-237A-46BB-A65E-067BE3EC94DC}.Release|Any CPU.ActiveCfg = Release|Any CPU
		{FA9F9E45-237A-46BB-A65E-067BE3EC94DC}.Release|Any CPU.Build.0 = Release|Any CPU
		{5412CD30-5861-457F-8431-B997D51068ED}.Debug|Any CPU.ActiveCfg = Debug|Any CPU
		{5412CD30-5861-457F-8431-B997D51068ED}.Debug|Any CPU.Build.0 = Debug|Any CPU
		{5412CD30-5861-457F-8431-B997D51068ED}.Release|Any CPU.ActiveCfg = Release|Any CPU
		{5412CD30-5861-457F-8431-B997D51068ED}.Release|Any CPU.Build.0 = Release|Any CPU
		{855A476C-CA63-4BFC-926B-9CB1BEAA5470}.Debug|Any CPU.ActiveCfg = Debug|Any CPU
		{855A476C-CA63-4BFC-926B-9CB1BEAA5470}.Debug|Any CPU.Build.0 = Debug|Any CPU
		{855A476C-CA63-4BFC-926B-9CB1BEAA5470}.Release|Any CPU.ActiveCfg = Release|Any CPU
		{855A476C-CA63-4BFC-926B-9CB1BEAA5470}.Release|Any CPU.Build.0 = Release|Any CPU
	EndGlobalSection
	GlobalSection(SolutionProperties) = preSolution
		HideSolutionNode = FALSE
	EndGlobalSection
	GlobalSection(NestedProjects) = preSolution
		{2A3A1E4B-1124-48B3-9C9F-1D8D82AB90CF} = {906B7F7E-8E03-4F9E-990A-CAB5C52517B8}
		{FA9F9E45-237A-46BB-A65E-067BE3EC94DC} = {906B7F7E-8E03-4F9E-990A-CAB5C52517B8}
		{BB31A8C7-623E-4B39-9777-0B50CE4A0FB2} = {9C6B5946-7774-4289-B48B-227FDB1A5974}
		{5412CD30-5861-457F-8431-B997D51068ED} = {BB31A8C7-623E-4B39-9777-0B50CE4A0FB2}
		{855A476C-CA63-4BFC-926B-9CB1BEAA5470} = {BB31A8C7-623E-4B39-9777-0B50CE4A0FB2}
	EndGlobalSection
	GlobalSection(ExtensibilityGlobals) = postSolution
		SolutionGuid = {8744A41F-BD1C-4331-AB9C-915F2BC5D199}
	EndGlobalSection
EndGlobal
